
Microsoft Visual Studio Solution File, Format Version 12.00
# Visual Studio 15
VisualStudioVersion = 15.0.28307.705
MinimumVisualStudioVersion = 10.0.40219.1
Project("{FAE04EC0-301F-11D3-BF4B-00C04F79EFBC}") = "EFlab1", "EFlab1\EFlab1.csproj", "{610A23D9-06CD-4AA9-B397-324D7890D496}"
EndProject
Global
	GlobalSection(SolutionConfigurationPlatforms) = preSolution
		Debug|Any CPU = Debug|Any CPU
		Release|Any CPU = Release|Any CPU
	EndGlobalSection
	GlobalSection(ProjectConfigurationPlatforms) = postSolution
		{610A23D9-06CD-4AA9-B397-324D7890D496}.Debug|Any CPU.ActiveCfg = Debug|Any CPU
		{610A23D9-06CD-4AA9-B397-324D7890D496}.Debug|Any CPU.Build.0 = Debug|Any CPU
		{610A23D9-06CD-4AA9-B397-324D7890D496}.Release|Any CPU.ActiveCfg = Release|Any CPU
		{610A23D9-06CD-4AA9-B397-324D7890D496}.Release|Any CPU.Build.0 = Release|Any CPU
	EndGlobalSection
	GlobalSection(SolutionProperties) = preSolution
		HideSolutionNode = FALSE
	EndGlobalSection
	GlobalSection(ExtensibilityGlobals) = postSolution
		SolutionGuid = {D5114394-9E9F-418D-B6DE-A1C6B142FA47}
	EndGlobalSection
EndGlobal
